Microsoft Visual Studio Solution File, Format Version 11.00
# Visual Studio 2008

Project("{40466A47-DB18-EAD9-2921-662ABA00B825}") = "Foodshare", "Assembly-CSharp.csproj", "{3F88E598-607D-8F71-C156-B76AE424598C}"
EndProject
Global
	GlobalSection(SolutionConfigurationPlatforms) = preSolution
		Debug|Any CPU = Debug|Any CPU
		Release|Any CPU = Release|Any CPU
	EndGlobalSection
	GlobalSection(ProjectConfigurationPlatforms) = postSolution
		{3F88E598-607D-8F71-C156-B76AE424598C}.Debug|Any CPU.ActiveCfg = Debug|Any CPU
		{3F88E598-607D-8F71-C156-B76AE424598C}.Debug|Any CPU.Build.0 = Debug|Any CPU
		{3F88E598-607D-8F71-C156-B76AE424598C}.Release|Any CPU.ActiveCfg = Release|Any CPU
		{3F88E598-607D-8F71-C156-B76AE424598C}.Release|Any CPU.Build.0 = Release|Any CPU
	EndGlobalSection
	GlobalSection(SolutionProperties) = preSolution
		HideSolutionNode = FALSE
	EndGlobalSection
	GlobalSection(MonoDevelopProperties) = preSolution
		StartupItem = Assembly-CSharp.csproj
	EndGlobalSection
EndGlobal
